{
    "name": "funnel-timing-custom-viz",
    "version": "0.1.0",
    "lockfileVersion": 1,
    "requires": true,
    "dependencies": {
        "@babel/runtime": {
            "version": "7.16.3",
            "resolved": "https://registry.npmjs.org/@babel/runtime/-/runtime-7.16.3.tgz",
            "integrity": "sha512-WBwekcqacdY2e9AF/Q7WLFUWmdJGJTkbjqTjoMDgXkVZ3ZRUvOPsLb5KdwISoQVsbP+DQzVZW4Zhci0DvpbNTQ==",
            "requires": {
                "regenerator-runtime": "^0.13.4"
            }
        },
        "@babel/runtime-corejs3": {
            "version": "7.16.3",
            "resolved": "https://registry.npmjs.org/@babel/runtime-corejs3/-/runtime-corejs3-7.16.3.tgz",
            "integrity": "sha512-IAdDC7T0+wEB4y2gbIL0uOXEYpiZEeuFUTVbdGq+UwCcF35T/tS8KrmMomEwEc5wBbyfH3PJVpTSUqrhPDXFcQ==",
            "requires": {
                "core-js-pure": "^3.19.0",
                "regenerator-runtime": "^0.13.4"
            }
        },
        "@datanerd/antlr-nrql": {
            "version": "2.1.1",
            "resolved": "https://artifacts.datanerd.us/artifactory/api/npm/newrelic-js-local/@datanerd/antlr-nrql/-/@datanerd/antlr-nrql-2.1.1.tgz",
            "integrity": "sha1-q25StcIMEMZJ8oCZYwfqmNCS5mk=",
            "requires": {
                "antlr4": "4.7.2"
            }
        },
        "@datanerd/nr1-nrql-filters": {
            "version": "4.2.0",
            "resolved": "https://artifacts.datanerd.us/artifactory/api/npm/newrelic-js-local/@datanerd/nr1-nrql-filters/-/@datanerd/nr1-nrql-filters-4.2.0.tgz",
            "integrity": "sha1-ySAYlw6yPsC1AK6Bsu1IWaVFeRs=",
            "requires": {
                "@datanerd/antlr-nrql": "^2.1.1",
                "safe-access": "^0.1.0"
            }
        },
        "@types/d3-color": {
            "version": "2.0.3",
            "resolved": "https://registry.npmjs.org/@types/d3-color/-/d3-color-2.0.3.tgz",
            "integrity": "sha512-+0EtEjBfKEDtH9Rk3u3kLOUXM5F+iZK+WvASPb0MhIZl8J8NUvGeZRwKCXl+P3HkYx5TdU4YtcibpqHkSR9n7w=="
        },
        "@types/d3-interpolate": {
            "version": "2.0.2",
            "resolved": "https://registry.npmjs.org/@types/d3-interpolate/-/d3-interpolate-2.0.2.tgz",
            "integrity": "sha512-lElyqlUfIPyWG/cD475vl6msPL4aMU7eJvx1//Q177L8mdXoVPFl1djIESF2FKnc0NyaHvQlJpWwKJYwAhUoCw==",
            "requires": {
                "@types/d3-color": "^2"
            }
        },
        "@types/d3-path": {
            "version": "2.0.1",
            "resolved": "https://registry.npmjs.org/@types/d3-path/-/d3-path-2.0.1.tgz",
            "integrity": "sha512-6K8LaFlztlhZO7mwsZg7ClRsdLg3FJRzIIi6SZXDWmmSJc2x8dd2VkESbLXdk3p8cuvz71f36S0y8Zv2AxqvQw=="
        },
        "@types/d3-scale": {
            "version": "3.3.2",
            "resolved": "https://registry.npmjs.org/@types/d3-scale/-/d3-scale-3.3.2.tgz",
            "integrity": "sha512-gGqr7x1ost9px3FvIfUMi5XA/F/yAf4UkUDtdQhpH92XCT0Oa7zkkRzY61gPVJq+DxpHn/btouw5ohWkbBsCzQ==",
            "requires": {
                "@types/d3-time": "^2"
            }
        },
        "@types/d3-shape": {
            "version": "2.1.3",
            "resolved": "https://registry.npmjs.org/@types/d3-shape/-/d3-shape-2.1.3.tgz",
            "integrity": "sha512-HAhCel3wP93kh4/rq+7atLdybcESZ5bRHDEZUojClyZWsRuEMo3A52NGYJSh48SxfxEU6RZIVbZL2YFZ2OAlzQ==",
            "requires": {
                "@types/d3-path": "^2"
            }
        },
        "@types/d3-time": {
            "version": "2.1.1",
            "resolved": "https://registry.npmjs.org/@types/d3-time/-/d3-time-2.1.1.tgz",
            "integrity": "sha512-9MVYlmIgmRR31C5b4FVSWtuMmBHh2mOWQYfl7XAYOa8dsnb7iEmUmRSWSFgXFtkjxO65d7hTUHQC+RhR/9IWFg=="
        },
        "@types/resize-observer-browser": {
            "version": "0.1.6",
            "resolved": "https://registry.npmjs.org/@types/resize-observer-browser/-/resize-observer-browser-0.1.6.tgz",
            "integrity": "sha512-61IfTac0s9jvNtBCpyo86QeaN8qqpMGHdK0uGKCCIy2dt5/Yk84VduHIdWAcmkC5QvdkPL0p5eWYgUZtHKKUVg=="
        },
        "antlr4": {
            "version": "4.7.2",
            "resolved": "https://registry.npmjs.org/antlr4/-/antlr4-4.7.2.tgz",
            "integrity": "sha512-vZA1xYufXLe3LX+ja9rIVxjRmILb1x3k7KYZHltRbfJtXjJ1DlFIqt+CbPYmghx0EuzY9DajiDw+MdyEt1qAsQ=="
        },
        "classnames": {
            "version": "2.3.1",
            "resolved": "https://registry.npmjs.org/classnames/-/classnames-2.3.1.tgz",
            "integrity": "sha512-OlQdbZ7gLfGarSqxesMesDa5uz7KFbID8Kpq/SxIoNGDqY8lSYs0D+hhtBXhcdB3rcbXArFr7vlHheLk1voeNA=="
        },
        "commander": {
            "version": "7.2.0",
            "resolved": "https://registry.npmjs.org/commander/-/commander-7.2.0.tgz",
            "integrity": "sha512-QrWXB+ZQSVPmIWIhtEO9H+gwHaMGYiF5ChvoJ+K9ZGHG/sVsa6yiesAD1GC/x46sET00Xlwo1u49RVVVzvcSkw=="
        },
        "core-js-pure": {
            "version": "3.19.2",
            "resolved": "https://registry.npmjs.org/core-js-pure/-/core-js-pure-3.19.2.tgz",
            "integrity": "sha512-5LkcgQEy8pFeVnd/zomkUBSwnmIxuF1C8E9KrMAbOc8f34IBT9RGvTYeNDdp1PnvMJrrVhvk1hg/yVV5h/znlg=="
        },
        "css-unit-converter": {
            "version": "1.1.2",
            "resolved": "https://registry.npmjs.org/css-unit-converter/-/css-unit-converter-1.1.2.tgz",
            "integrity": "sha512-IiJwMC8rdZE0+xiEZHeru6YoONC4rfPMqGm2W85jMIbkFvv5nFTwJVFHam2eFrN6txmoUYFAFXiv8ICVeTO0MA=="
        },
        "d3": {
            "version": "7.2.0",
            "resolved": "https://registry.npmjs.org/d3/-/d3-7.2.0.tgz",
            "integrity": "sha512-0bh5lPzD6R/I/SjkcgyQlMaIsrZDgh40yMkdJaiZ/58YEbh4zz5EvtjaudzmI6ruwQNvxGm00trYUyPa992NSQ==",
            "requires": {
                "d3-array": "3",
                "d3-axis": "3",
                "d3-brush": "3",
                "d3-chord": "3",
                "d3-color": "3",
                "d3-contour": "3",
                "d3-delaunay": "6",
                "d3-dispatch": "3",
                "d3-drag": "3",
                "d3-dsv": "3",
                "d3-ease": "3",
                "d3-fetch": "3",
                "d3-force": "3",
                "d3-format": "3",
                "d3-geo": "3",
                "d3-hierarchy": "3",
                "d3-interpolate": "3",
                "d3-path": "3",
                "d3-polygon": "3",
                "d3-quadtree": "3",
                "d3-random": "3",
                "d3-scale": "4",
                "d3-scale-chromatic": "3",
                "d3-selection": "3",
                "d3-shape": "3",
                "d3-time": "3",
                "d3-time-format": "4",
                "d3-timer": "3",
                "d3-transition": "3",
                "d3-zoom": "3"
            },
            "dependencies": {
                "d3-array": {
                    "version": "3.1.1",
                    "resolved": "https://registry.npmjs.org/d3-array/-/d3-array-3.1.1.tgz",
                    "integrity": "sha512-33qQ+ZoZlli19IFiQx4QEpf2CBEayMRzhlisJHSCsSUbDXv6ZishqS1x7uFVClKG4Wr7rZVHvaAttoLow6GqdQ==",
                    "requires": {
                        "internmap": "1 - 2"
                    }
                },
                "d3-color": {
                    "version": "3.0.1",
                    "resolved": "https://registry.npmjs.org/d3-color/-/d3-color-3.0.1.tgz",
                    "integrity": "sha512-6/SlHkDOBLyQSJ1j1Ghs82OIUXpKWlR0hCsw0XrLSQhuUPuCSmLQ1QPH98vpnQxMUQM2/gfAkUEWsupVpd9JGw=="
                },
                "d3-format": {
                    "version": "3.1.0",
                    "resolved": "https://registry.npmjs.org/d3-format/-/d3-format-3.1.0.tgz",
                    "integrity": "sha512-YyUI6AEuY/Wpt8KWLgZHsIU86atmikuoOmCfommt0LYHiQSPjvX2AcFc38PX0CBpr2RCyZhjex+NS/LPOv6YqA=="
                },
                "d3-interpolate": {
                    "version": "3.0.1",
                    "resolved": "https://registry.npmjs.org/d3-interpolate/-/d3-interpolate-3.0.1.tgz",
                    "integrity": "sha512-3bYs1rOD33uo8aqJfKP3JWPAibgw8Zm2+L9vBKEHJ2Rg+viTR7o5Mmv5mZcieN+FRYaAOWX5SJATX6k1PWz72g==",
                    "requires": {
                        "d3-color": "1 - 3"
                    }
                },
                "d3-path": {
                    "version": "3.0.1",
                    "resolved": "https://registry.npmjs.org/d3-path/-/d3-path-3.0.1.tgz",
                    "integrity": "sha512-gq6gZom9AFZby0YLduxT1qmrp4xpBA1YZr19OI717WIdKE2OM5ETq5qrHLb301IgxhLwcuxvGZVLeeWc/k1I6w=="
                },
                "d3-scale": {
                    "version": "4.0.2",
                    "resolved": "https://registry.npmjs.org/d3-scale/-/d3-scale-4.0.2.tgz",
                    "integrity": "sha512-GZW464g1SH7ag3Y7hXjf8RoUuAFIqklOAq3MRl4OaWabTFJY9PN/E1YklhXLh+OQ3fM9yS2nOkCoS+WLZ6kvxQ==",
                    "requires": {
                        "d3-array": "2.10.0 - 3",
                        "d3-format": "1 - 3",
                        "d3-interpolate": "1.2.0 - 3",
                        "d3-time": "2.1.1 - 3",
                        "d3-time-format": "2 - 4"
                    }
                },
                "d3-shape": {
                    "version": "3.0.1",
                    "resolved": "https://registry.npmjs.org/d3-shape/-/d3-shape-3.0.1.tgz",
                    "integrity": "sha512-HNZNEQoDhuCrDWEc/BMbF/hKtzMZVoe64TvisFLDp2Iyj0UShB/E6/lBsLlJTfBMbYgftHj90cXJ0SEitlE6Xw==",
                    "requires": {
                        "d3-path": "1 - 3"
                    }
                },
                "d3-time": {
                    "version": "3.0.0",
                    "resolved": "https://registry.npmjs.org/d3-time/-/d3-time-3.0.0.tgz",
                    "integrity": "sha512-zmV3lRnlaLI08y9IMRXSDshQb5Nj77smnfpnd2LrBa/2K281Jijactokeak14QacHs/kKq0AQ121nidNYlarbQ==",
                    "requires": {
                        "d3-array": "2 - 3"
                    }
                },
                "d3-time-format": {
                    "version": "4.1.0",
                    "resolved": "https://registry.npmjs.org/d3-time-format/-/d3-time-format-4.1.0.tgz",
                    "integrity": "sha512-dJxPBlzC7NugB2PDLwo9Q8JiTR3M3e4/XANkreKSUxF8vvXKqm1Yfq4Q5dl8budlunRVlUUaDUgFt7eA8D6NLg==",
                    "requires": {
                        "d3-time": "1 - 3"
                    }
                }
            }
        },
        "d3-array": {
            "version": "2.12.1",
            "resolved": "https://registry.npmjs.org/d3-array/-/d3-array-2.12.1.tgz",
            "integrity": "sha512-B0ErZK/66mHtEsR1TkPEEkwdy+WDesimkM5gpZr5Dsg54BiTA5RXtYW5qTLIAcekaS9xfZrzBLF/OAkB3Qn1YQ==",
            "requires": {
                "internmap": "^1.0.0"
            }
        },
        "d3-axis": {
            "version": "3.0.0",
            "resolved": "https://registry.npmjs.org/d3-axis/-/d3-axis-3.0.0.tgz",
            "integrity": "sha512-IH5tgjV4jE/GhHkRV0HiVYPDtvfjHQlQfJHs0usq7M30XcSBvOotpmH1IgkcXsO/5gEQZD43B//fc7SRT5S+xw=="
        },
        "d3-brush": {
            "version": "3.0.0",
            "resolved": "https://registry.npmjs.org/d3-brush/-/d3-brush-3.0.0.tgz",
            "integrity": "sha512-ALnjWlVYkXsVIGlOsuWH1+3udkYFI48Ljihfnh8FZPF2QS9o+PzGLBslO0PjzVoHLZ2KCVgAM8NVkXPJB2aNnQ==",
            "requires": {
                "d3-dispatch": "1 - 3",
                "d3-drag": "2 - 3",
                "d3-interpolate": "1 - 3",
                "d3-selection": "3",
                "d3-transition": "3"
            }
        },
        "d3-chord": {
            "version": "3.0.1",
            "resolved": "https://registry.npmjs.org/d3-chord/-/d3-chord-3.0.1.tgz",
            "integrity": "sha512-VE5S6TNa+j8msksl7HwjxMHDM2yNK3XCkusIlpX5kwauBfXuyLAtNg9jCp/iHH61tgI4sb6R/EIMWCqEIdjT/g==",
            "requires": {
                "d3-path": "1 - 3"
            }
        },
        "d3-color": {
            "version": "2.0.0",
            "resolved": "https://registry.npmjs.org/d3-color/-/d3-color-2.0.0.tgz",
            "integrity": "sha512-SPXi0TSKPD4g9tw0NMZFnR95XVgUZiBH+uUTqQuDu1OsE2zomHU7ho0FISciaPvosimixwHFl3WHLGabv6dDgQ=="
        },
        "d3-contour": {
            "version": "3.0.1",
            "resolved": "https://registry.npmjs.org/d3-contour/-/d3-contour-3.0.1.tgz",
            "integrity": "sha512-0Oc4D0KyhwhM7ZL0RMnfGycLN7hxHB8CMmwZ3+H26PWAG0ozNuYG5hXSDNgmP1SgJkQMrlG6cP20HoaSbvcJTQ==",
            "requires": {
                "d3-array": "2 - 3"
            }
        },
        "d3-delaunay": {
            "version": "6.0.2",
            "resolved": "https://registry.npmjs.org/d3-delaunay/-/d3-delaunay-6.0.2.tgz",
            "integrity": "sha512-IMLNldruDQScrcfT+MWnazhHbDJhcRJyOEBAJfwQnHle1RPh6WDuLvxNArUju2VSMSUuKlY5BGHRJ2cYyoFLQQ==",
            "requires": {
                "delaunator": "5"
            }
        },
        "d3-dispatch": {
            "version": "3.0.1",
            "resolved": "https://registry.npmjs.org/d3-dispatch/-/d3-dispatch-3.0.1.tgz",
            "integrity": "sha512-rzUyPU/S7rwUflMyLc1ETDeBj0NRuHKKAcvukozwhshr6g6c5d8zh4c2gQjY2bZ0dXeGLWc1PF174P2tVvKhfg=="
        },
        "d3-drag": {
            "version": "3.0.0",
            "resolved": "https://registry.npmjs.org/d3-drag/-/d3-drag-3.0.0.tgz",
            "integrity": "sha512-pWbUJLdETVA8lQNJecMxoXfH6x+mO2UQo8rSmZ+QqxcbyA3hfeprFgIT//HW2nlHChWeIIMwS2Fq+gEARkhTkg==",
            "requires": {
                "d3-dispatch": "1 - 3",
                "d3-selection": "3"
            }
        },
        "d3-dsv": {
            "version": "3.0.1",
            "resolved": "https://registry.npmjs.org/d3-dsv/-/d3-dsv-3.0.1.tgz",
            "integrity": "sha512-UG6OvdI5afDIFP9w4G0mNq50dSOsXHJaRE8arAS5o9ApWnIElp8GZw1Dun8vP8OyHOZ/QJUKUJwxiiCCnUwm+Q==",
            "requires": {
                "commander": "7",
                "iconv-lite": "0.6",
                "rw": "1"
            }
        },
        "d3-ease": {
            "version": "3.0.1",
            "resolved": "https://registry.npmjs.org/d3-ease/-/d3-ease-3.0.1.tgz",
            "integrity": "sha512-wR/XK3D3XcLIZwpbvQwQ5fK+8Ykds1ip7A2Txe0yxncXSdq1L9skcG7blcedkOX+ZcgxGAmLX1FrRGbADwzi0w=="
        },
        "d3-fetch": {
            "version": "3.0.1",
            "resolved": "https://registry.npmjs.org/d3-fetch/-/d3-fetch-3.0.1.tgz",
            "integrity": "sha512-kpkQIM20n3oLVBKGg6oHrUchHM3xODkTzjMoj7aWQFq5QEM+R6E4WkzT5+tojDY7yjez8KgCBRoj4aEr99Fdqw==",
            "requires": {
                "d3-dsv": "1 - 3"
            }
        },
        "d3-force": {
            "version": "3.0.0",
            "resolved": "https://registry.npmjs.org/d3-force/-/d3-force-3.0.0.tgz",
            "integrity": "sha512-zxV/SsA+U4yte8051P4ECydjD/S+qeYtnaIyAs9tgHCqfguma/aAQDjo85A9Z6EKhBirHRJHXIgJUlffT4wdLg==",
            "requires": {
                "d3-dispatch": "1 - 3",
                "d3-quadtree": "1 - 3",
                "d3-timer": "1 - 3"
            }
        },
        "d3-format": {
            "version": "2.0.0",
            "resolved": "https://registry.npmjs.org/d3-format/-/d3-format-2.0.0.tgz",
            "integrity": "sha512-Ab3S6XuE/Q+flY96HXT0jOXcM4EAClYFnRGY5zsjRGNy6qCYrQsMffs7cV5Q9xejb35zxW5hf/guKw34kvIKsA=="
        },
        "d3-geo": {
            "version": "3.0.1",
            "resolved": "https://registry.npmjs.org/d3-geo/-/d3-geo-3.0.1.tgz",
            "integrity": "sha512-Wt23xBych5tSy9IYAM1FR2rWIBFWa52B/oF/GYe5zbdHrg08FU8+BuI6X4PvTwPDdqdAdq04fuWJpELtsaEjeA==",
            "requires": {
                "d3-array": "2.5.0 - 3"
            }
        },
        "d3-hierarchy": {
            "version": "3.1.0",
            "resolved": "https://registry.npmjs.org/d3-hierarchy/-/d3-hierarchy-3.1.0.tgz",
            "integrity": "sha512-RZWnhsvcrf81F+khYxu2IOfoSwfCGla9je0JQaRIEuPOgJd+3cKdvAYyMXvTt0MDbluiHThYBQzIb0xxXfnqmA=="
        },
        "d3-interpolate": {
            "version": "2.0.1",
            "resolved": "https://registry.npmjs.org/d3-interpolate/-/d3-interpolate-2.0.1.tgz",
            "integrity": "sha512-c5UhwwTs/yybcmTpAVqwSFl6vrQ8JZJoT5F7xNFK9pymv5C0Ymcc9/LIJHtYIggg/yS9YHw8i8O8tgb9pupjeQ==",
            "requires": {
                "d3-color": "1 - 2"
            }
        },
        "d3-path": {
            "version": "2.0.0",
            "resolved": "https://registry.npmjs.org/d3-path/-/d3-path-2.0.0.tgz",
            "integrity": "sha512-ZwZQxKhBnv9yHaiWd6ZU4x5BtCQ7pXszEV9CU6kRgwIQVQGLMv1oiL4M+MK/n79sYzsj+gcgpPQSctJUsLN7fA=="
        },
        "d3-polygon": {
            "version": "3.0.1",
            "resolved": "https://registry.npmjs.org/d3-polygon/-/d3-polygon-3.0.1.tgz",
            "integrity": "sha512-3vbA7vXYwfe1SYhED++fPUQlWSYTTGmFmQiany/gdbiWgU/iEyQzyymwL9SkJjFFuCS4902BSzewVGsHHmHtXg=="
        },
        "d3-quadtree": {
            "version": "3.0.1",
            "resolved": "https://registry.npmjs.org/d3-quadtree/-/d3-quadtree-3.0.1.tgz",
            "integrity": "sha512-04xDrxQTDTCFwP5H6hRhsRcb9xxv2RzkcsygFzmkSIOJy3PeRJP7sNk3VRIbKXcog561P9oU0/rVH6vDROAgUw=="
        },
        "d3-random": {
            "version": "3.0.1",
            "resolved": "https://registry.npmjs.org/d3-random/-/d3-random-3.0.1.tgz",
            "integrity": "sha512-FXMe9GfxTxqd5D6jFsQ+DJ8BJS4E/fT5mqqdjovykEB2oFbTMDVdg1MGFxfQW+FBOGoB++k8swBrgwSHT1cUXQ=="
        },
        "d3-scale": {
            "version": "3.3.0",
            "resolved": "https://registry.npmjs.org/d3-scale/-/d3-scale-3.3.0.tgz",
            "integrity": "sha512-1JGp44NQCt5d1g+Yy+GeOnZP7xHo0ii8zsQp6PGzd+C1/dl0KGsp9A7Mxwp+1D1o4unbTTxVdU/ZOIEBoeZPbQ==",
            "requires": {
                "d3-array": "^2.3.0",
                "d3-format": "1 - 2",
                "d3-interpolate": "1.2.0 - 2",
                "d3-time": "^2.1.1",
                "d3-time-format": "2 - 3"
            }
        },
        "d3-scale-chromatic": {
            "version": "3.0.0",
            "resolved": "https://registry.npmjs.org/d3-scale-chromatic/-/d3-scale-chromatic-3.0.0.tgz",
            "integrity": "sha512-Lx9thtxAKrO2Pq6OO2Ua474opeziKr279P/TKZsMAhYyNDD3EnCffdbgeSYN5O7m2ByQsxtuP2CSDczNUIZ22g==",
            "requires": {
                "d3-color": "1 - 3",
                "d3-interpolate": "1 - 3"
            }
        },
        "d3-selection": {
            "version": "3.0.0",
            "resolved": "https://registry.npmjs.org/d3-selection/-/d3-selection-3.0.0.tgz",
            "integrity": "sha512-fmTRWbNMmsmWq6xJV8D19U/gw/bwrHfNXxrIN+HfZgnzqTHp9jOmKMhsTUjXOJnZOdZY9Q28y4yebKzqDKlxlQ=="
        },
        "d3-shape": {
            "version": "2.1.0",
            "resolved": "https://registry.npmjs.org/d3-shape/-/d3-shape-2.1.0.tgz",
            "integrity": "sha512-PnjUqfM2PpskbSLTJvAzp2Wv4CZsnAgTfcVRTwW03QR3MkXF8Uo7B1y/lWkAsmbKwuecto++4NlsYcvYpXpTHA==",
            "requires": {
                "d3-path": "1 - 2"
            }
        },
        "d3-time": {
            "version": "2.1.1",
            "resolved": "https://registry.npmjs.org/d3-time/-/d3-time-2.1.1.tgz",
            "integrity": "sha512-/eIQe/eR4kCQwq7yxi7z4c6qEXf2IYGcjoWB5OOQy4Tq9Uv39/947qlDcN2TLkiTzQWzvnsuYPB9TrWaNfipKQ==",
            "requires": {
                "d3-array": "2"
            }
        },
        "d3-time-format": {
            "version": "3.0.0",
            "resolved": "https://registry.npmjs.org/d3-time-format/-/d3-time-format-3.0.0.tgz",
            "integrity": "sha512-UXJh6EKsHBTjopVqZBhFysQcoXSv/5yLONZvkQ5Kk3qbwiUYkdX17Xa1PT6U1ZWXGGfB1ey5L8dKMlFq2DO0Ag==",
            "requires": {
                "d3-time": "1 - 2"
            }
        },
        "d3-timer": {
            "version": "3.0.1",
            "resolved": "https://registry.npmjs.org/d3-timer/-/d3-timer-3.0.1.tgz",
            "integrity": "sha512-ndfJ/JxxMd3nw31uyKoY2naivF+r29V+Lc0svZxe1JvvIRmi8hUsrMvdOwgS1o6uBHmiz91geQ0ylPP0aj1VUA=="
        },
        "d3-transition": {
            "version": "3.0.1",
            "resolved": "https://registry.npmjs.org/d3-transition/-/d3-transition-3.0.1.tgz",
            "integrity": "sha512-ApKvfjsSR6tg06xrL434C0WydLr7JewBB3V+/39RMHsaXTOG0zmt/OAXeng5M5LBm0ojmxJrpomQVZ1aPvBL4w==",
            "requires": {
                "d3-color": "1 - 3",
                "d3-dispatch": "1 - 3",
                "d3-ease": "1 - 3",
                "d3-interpolate": "1 - 3",
                "d3-timer": "1 - 3"
            }
        },
        "d3-zoom": {
            "version": "3.0.0",
            "resolved": "https://registry.npmjs.org/d3-zoom/-/d3-zoom-3.0.0.tgz",
            "integrity": "sha512-b8AmV3kfQaqWAuacbPuNbL6vahnOJflOhexLzMMNLga62+/nh0JzvJ0aO/5a5MVgUFGS7Hu1P9P03o3fJkDCyw==",
            "requires": {
                "d3-dispatch": "1 - 3",
                "d3-drag": "2 - 3",
                "d3-interpolate": "1 - 3",
                "d3-selection": "2 - 3",
                "d3-transition": "2 - 3"
            }
        },
        "decimal.js-light": {
            "version": "2.5.1",
            "resolved": "https://registry.npmjs.org/decimal.js-light/-/decimal.js-light-2.5.1.tgz",
            "integrity": "sha512-qIMFpTMZmny+MMIitAB6D7iVPEorVw6YQRWkvarTkT4tBeSLLiHzcwj6q0MmYSFCiVpiqPJTJEYIrpcPzVEIvg=="
        },
        "delaunator": {
            "version": "5.0.0",
            "resolved": "https://registry.npmjs.org/delaunator/-/delaunator-5.0.0.tgz",
            "integrity": "sha512-AyLvtyJdbv/U1GkiS6gUUzclRoAY4Gs75qkMygJJhU75LW4DNuSF2RMzpxs9jw9Oz1BobHjTdkG3zdP55VxAqw==",
            "requires": {
                "robust-predicates": "^3.0.0"
            }
        },
        "dom-helpers": {
            "version": "3.4.0",
            "resolved": "https://registry.npmjs.org/dom-helpers/-/dom-helpers-3.4.0.tgz",
            "integrity": "sha512-LnuPJ+dwqKDIyotW1VzmOZ5TONUN7CwkCR5hrgawTUbkBGYdeoNLZo6nNfGkCrjtE1nXXaj7iMMpDa8/d9WoIA==",
            "requires": {
                "@babel/runtime": "^7.1.2"
            }
        },
        "eventemitter3": {
            "version": "4.0.7",
            "resolved": "https://registry.npmjs.org/eventemitter3/-/eventemitter3-4.0.7.tgz",
            "integrity": "sha512-8guHBZCwKnFhYdHr2ysuRWErTwhoN2X8XELRlrRwpmfeY2jjuUN4taQMsULKUVo1K4DvZl+0pgfyoysHxvmvEw=="
        },
        "fast-equals": {
            "version": "2.0.3",
            "resolved": "https://registry.npmjs.org/fast-equals/-/fast-equals-2.0.3.tgz",
            "integrity": "sha512-0EMw4TTUxsMDpDkCg0rXor2gsg+npVrMIHbEhvD0HZyIhUX6AktC/yasm+qKwfyswd06Qy95ZKk8p2crTo0iPA=="
        },
        "iconv-lite": {
            "version": "0.6.3",
            "resolved": "https://registry.npmjs.org/iconv-lite/-/iconv-lite-0.6.3.tgz",
            "integrity": "sha512-4fCk79wshMdzMp2rH06qWrJE4iolqLhCUH+OiuIgU++RB0+94NlDL81atO7GX55uUKueo0txHNtvEyI6D7WdMw==",
            "requires": {
                "safer-buffer": ">= 2.1.2 < 3.0.0"
            }
        },
        "internmap": {
            "version": "1.0.1",
            "resolved": "https://registry.npmjs.org/internmap/-/internmap-1.0.1.tgz",
            "integrity": "sha512-lDB5YccMydFBtasVtxnZ3MRBHuaoE8GKsppq+EchKL2U4nK/DmEpPHNH8MZe5HkMtpSiTSOZwfN0tzYjO/lJEw=="
        },
        "js-tokens": {
            "version": "4.0.0",
            "resolved": "https://registry.npmjs.org/js-tokens/-/js-tokens-4.0.0.tgz",
            "integrity": "sha512-RdJUflcE3cUzKiMqQgsCu06FPu9UdIJO0beYbPhHN4k6apgJtifcoCtT9bcxOpYBtpD2kCM6Sbzg4CausW/PKQ=="
        },
        "lodash": {
            "version": "4.17.21",
            "resolved": "https://registry.npmjs.org/lodash/-/lodash-4.17.21.tgz",
            "integrity": "sha512-v2kDEe57lecTulaDIuNTPy3Ry4gLGJ6Z1O3vE1krgXZNrsQ+LFTGHVxVjcXPs17LhbZVGedAJv8XZ1tvj5FvSg=="
        },
        "lodash.debounce": {
            "version": "4.0.8",
            "resolved": "https://registry.npmjs.org/lodash.debounce/-/lodash.debounce-4.0.8.tgz",
            "integrity": "sha1-gteb/zCmfEAF/9XiUVMArZyk168="
        },
        "lodash.throttle": {
            "version": "4.1.1",
            "resolved": "https://registry.npmjs.org/lodash.throttle/-/lodash.throttle-4.1.1.tgz",
            "integrity": "sha1-wj6RtxAkKscMN/HhzaknTMOb8vQ="
        },
        "loose-envify": {
            "version": "1.4.0",
            "resolved": "https://registry.npmjs.org/loose-envify/-/loose-envify-1.4.0.tgz",
            "integrity": "sha512-lyuxPGr/Wfhrlem2CL/UcnUc1zcqKAImBDzukY7Y5F/yQiNdko6+fRLevlw1HgMySw7f611UIY408EtxRSoK3Q==",
            "requires": {
                "js-tokens": "^3.0.0 || ^4.0.0"
            }
        },
        "object-assign": {
            "version": "4.1.1",
            "resolved": "https://registry.npmjs.org/object-assign/-/object-assign-4.1.1.tgz",
            "integrity": "sha1-IQmtx5ZYh8/AXLvUQsrIv7s2CGM="
        },
        "performance-now": {
            "version": "2.1.0",
            "resolved": "https://registry.npmjs.org/performance-now/-/performance-now-2.1.0.tgz",
            "integrity": "sha1-Ywn04OX6kT7BxpMHrjZLSzd8nns="
        },
        "postcss-value-parser": {
            "version": "3.3.1",
            "resolved": "https://registry.npmjs.org/postcss-value-parser/-/postcss-value-parser-3.3.1.tgz",
            "integrity": "sha512-pISE66AbVkp4fDQ7VHBwRNXzAAKJjw4Vw7nWI/+Q3vuly7SNfgYXvm6i5IgFylHGK5sP/xHAbB7N49OS4gWNyQ=="
        },
        "prop-types": {
            "version": "15.7.2",
            "resolved": "https://registry.npmjs.org/prop-types/-/prop-types-15.7.2.tgz",
            "integrity": "sha512-8QQikdH7//R2vurIJSutZ1smHYTcLpRWEOlHnzcWHmBYrOGUysKwSsrC89BCiFj3CbrfJ/nXFdJepOVrY1GCHQ==",
            "requires": {
                "loose-envify": "^1.4.0",
                "object-assign": "^4.1.1",
                "react-is": "^16.8.1"
            }
        },
        "raf": {
            "version": "3.4.1",
            "resolved": "https://registry.npmjs.org/raf/-/raf-3.4.1.tgz",
            "integrity": "sha512-Sq4CW4QhwOHE8ucn6J34MqtZCeWFP2aQSmrlroYgqAV1PjStIhJXxYuTgUIfkEk7zTLjmIjLmU5q+fbD1NnOJA==",
            "requires": {
                "performance-now": "^2.1.0"
            }
        },
        "react": {
            "version": "16.14.0",
            "resolved": "https://registry.npmjs.org/react/-/react-16.14.0.tgz",
            "integrity": "sha512-0X2CImDkJGApiAlcf0ODKIneSwBPhqJawOa5wCtKbu7ZECrmS26NvtSILynQ66cgkT/RJ4LidJOc3bUESwmU8g==",
            "requires": {
                "loose-envify": "^1.1.0",
                "object-assign": "^4.1.1",
                "prop-types": "^15.6.2"
            }
        },
        "react-dom": {
            "version": "16.14.0",
            "resolved": "https://registry.npmjs.org/react-dom/-/react-dom-16.14.0.tgz",
            "integrity": "sha512-1gCeQXDLoIqMgqD3IO2Ah9bnf0w9kzhwN5q4FGnHZ67hBm9yePzB5JJAIQCc8x3pFnNlwFq4RidZggNAAkzWWw==",
            "requires": {
                "loose-envify": "^1.1.0",
                "object-assign": "^4.1.1",
                "prop-types": "^15.6.2",
                "scheduler": "^0.19.1"
            }
        },
        "react-is": {
            "version": "16.13.1",
            "resolved": "https://registry.npmjs.org/react-is/-/react-is-16.13.1.tgz",
            "integrity": "sha512-24e6ynE2H+OKt4kqsOvNd8kBpV65zoxbA4BVsEOB3ARVWQki/DHzaUoC5KuON/BiccDaCCTZBuOcfZs70kR8bQ=="
        },
        "react-lifecycles-compat": {
            "version": "3.0.4",
            "resolved": "https://registry.npmjs.org/react-lifecycles-compat/-/react-lifecycles-compat-3.0.4.tgz",
            "integrity": "sha512-fBASbA6LnOU9dOU2eW7aQ8xmYBSXUIWr+UmF9b1efZBazGNO+rcXT/icdKnYm2pTwcRylVUYwW7H1PHfLekVzA=="
        },
        "react-resize-detector": {
            "version": "6.7.6",
            "resolved": "https://registry.npmjs.org/react-resize-detector/-/react-resize-detector-6.7.6.tgz",
            "integrity": "sha512-/6RZlul1yePSoYJxWxmmgjO320moeLC/khrwpEVIL+D2EjLKhqOwzFv+H8laMbImVj7Zu4FlMa0oA7au3/ChjQ==",
            "requires": {
                "@types/resize-observer-browser": "^0.1.6",
                "lodash.debounce": "^4.0.8",
                "lodash.throttle": "^4.1.1",
                "resize-observer-polyfill": "^1.5.1"
            }
        },
        "react-smooth": {
            "version": "2.0.0",
            "resolved": "https://registry.npmjs.org/react-smooth/-/react-smooth-2.0.0.tgz",
            "integrity": "sha512-wK4dBBR6P21otowgMT9toZk+GngMplGS1O5gk+2WSiHEXIrQgDvhR5IIlT74Vtu//qpTcipkgo21dD7a7AUNxw==",
            "requires": {
                "fast-equals": "^2.0.0",
                "raf": "^3.4.0",
                "react-transition-group": "2.9.0"
            }
        },
        "react-transition-group": {
            "version": "2.9.0",
            "resolved": "https://registry.npmjs.org/react-transition-group/-/react-transition-group-2.9.0.tgz",
            "integrity": "sha512-+HzNTCHpeQyl4MJ/bdE0u6XRMe9+XG/+aL4mCxVN4DnPBQ0/5bfHWPDuOZUzYdMj94daZaZdCCc1Dzt9R/xSSg==",
            "requires": {
                "dom-helpers": "^3.4.0",
                "loose-envify": "^1.4.0",
                "prop-types": "^15.6.2",
                "react-lifecycles-compat": "^3.0.4"
            }
        },
        "recharts": {
            "version": "2.1.6",
            "resolved": "https://registry.npmjs.org/recharts/-/recharts-2.1.6.tgz",
            "integrity": "sha512-KnRNnCum1hL27DYhUfcdcKUEQkYnda6G+KDN4n/nCiTKp7UzJSgHfFHQvCkBujPi/U98dGd430DA2/8RJpkPlg==",
            "requires": {
                "@types/d3-interpolate": "^2.0.0",
                "@types/d3-scale": "^3.0.0",
                "@types/d3-shape": "^2.0.0",
                "classnames": "^2.2.5",
                "d3-interpolate": "^2.0.0",
                "d3-scale": "^3.0.0",
                "d3-shape": "^2.0.0",
                "eventemitter3": "^4.0.1",
                "lodash": "^4.17.19",
                "react-is": "^16.10.2",
                "react-resize-detector": "^6.6.3",
                "react-smooth": "^2.0.0",
                "recharts-scale": "^0.4.4",
                "reduce-css-calc": "^2.1.8"
            }
        },
        "recharts-scale": {
            "version": "0.4.5",
            "resolved": "https://registry.npmjs.org/recharts-scale/-/recharts-scale-0.4.5.tgz",
            "integrity": "sha512-kivNFO+0OcUNu7jQquLXAxz1FIwZj8nrj+YkOKc5694NbjCvcT6aSZiIzNzd2Kul4o4rTto8QVR9lMNtxD4G1w==",
            "requires": {
                "decimal.js-light": "^2.4.1"
            }
        },
        "reduce-css-calc": {
            "version": "2.1.8",
            "resolved": "https://registry.npmjs.org/reduce-css-calc/-/reduce-css-calc-2.1.8.tgz",
            "integrity": "sha512-8liAVezDmUcH+tdzoEGrhfbGcP7nOV4NkGE3a74+qqvE7nt9i4sKLGBuZNOnpI4WiGksiNPklZxva80061QiPg==",
            "requires": {
                "css-unit-converter": "^1.1.1",
                "postcss-value-parser": "^3.3.0"
            }
        },
        "regenerator-runtime": {
            "version": "0.13.9",
            "resolved": "https://registry.npmjs.org/regenerator-runtime/-/regenerator-runtime-0.13.9.tgz",
            "integrity": "sha512-p3VT+cOEgxFsRRA9X4lkI1E+k2/CtnKtU4gcxyaCUreilL/vqI6CdZ3wxVUx3UOUg+gnUOQQcRI7BmSI656MYA=="
        },
        "resize-observer-polyfill": {
            "version": "1.5.1",
            "resolved": "https://registry.npmjs.org/resize-observer-polyfill/-/resize-observer-polyfill-1.5.1.tgz",
            "integrity": "sha512-LwZrotdHOo12nQuZlHEmtuXdqGoOD0OhaxopaNFxWzInpEgaLWoVuAMbTzixuosCx2nEG58ngzW3vxdWoxIgdg=="
        },
        "robust-predicates": {
            "version": "3.0.1",
            "resolved": "https://registry.npmjs.org/robust-predicates/-/robust-predicates-3.0.1.tgz",
            "integrity": "sha512-ndEIpszUHiG4HtDsQLeIuMvRsDnn8c8rYStabochtUeCvfuvNptb5TUbVD68LRAILPX7p9nqQGh4xJgn3EHS/g=="
        },
        "rw": {
            "version": "1.3.3",
            "resolved": "https://registry.npmjs.org/rw/-/rw-1.3.3.tgz",
            "integrity": "sha1-P4Yt+pGrdmsUiF700BEkv9oHT7Q="
        },
        "safe-access": {
            "version": "0.1.0",
            "resolved": "https://registry.npmjs.org/safe-access/-/safe-access-0.1.0.tgz",
            "integrity": "sha1-zkaxGQvTFmcuHH0AHKsylwxIiVU="
        },
        "safer-buffer": {
            "version": "2.1.2",
            "resolved": "https://registry.npmjs.org/safer-buffer/-/safer-buffer-2.1.2.tgz",
            "integrity": "sha512-YZo3K82SD7Riyi0E1EQPojLz7kpepnSQI9IyPbHHg1XXXevb5dJI7tpyN2ADxGcQbHG7vcyRHk0cbwqcQriUtg=="
        },
        "scheduler": {
            "version": "0.19.1",
            "resolved": "https://registry.npmjs.org/scheduler/-/scheduler-0.19.1.tgz",
            "integrity": "sha512-n/zwRWRYSUj0/3g/otKDRPMh6qv2SYMWNq85IEa8iZyAv8od9zDYpGSnpBEjNgcMNq6Scbu5KfIPxNF72R/2EA==",
            "requires": {
                "loose-envify": "^1.1.0",
                "object-assign": "^4.1.1"
            }
        },
        "xregexp": {
            "version": "5.1.0",
            "resolved": "https://registry.npmjs.org/xregexp/-/xregexp-5.1.0.tgz",
            "integrity": "sha512-PynwUWtXnSZr8tpQlDPMZfPTyv78EYuA4oI959ukxcQ0a9O/lvndLVKy5wpImzzA26eMxpZmnAXJYiQA13AtWA==",
            "requires": {
                "@babel/runtime-corejs3": "^7.14.9"
            }
        }
    }
}
